
Microsoft Visual Studio Solution File, Format Version 12.00
# Visual Studio Version 17
VisualStudioVersion = 17.13.35806.99 d17.13
MinimumVisualStudioVersion = 10.0.40219.1
Project("{FAE04EC0-301F-11D3-BF4B-00C04F79EFBC}") = "Formulario_Efecty_API", "Formulario_Efecty_API\Formulario_Efecty_API.csproj", "{C38AA73E-5D5D-43D1-982D-90DF614023A2}"
EndProject
Project("{2150E333-8FDC-42A3-9474-1A3956D46DE8}") = "src", "src", "{02EA681E-C7D8-13C7-8484-4AC65E1B71E8}"
EndProject
Project("{FAE04EC0-301F-11D3-BF4B-00C04F79EFBC}") = "Formulario_Efecty.Domain", "Formulario_Efecty.Domain\Formulario_Efecty.Domain.csproj", "{FDAD9AC6-EDDA-499A-B424-BF4A4E2AD107}"
EndProject
Project("{FAE04EC0-301F-11D3-BF4B-00C04F79EFBC}") = "Formulario_Efecty.Infrastructure", "Formulario_Efecty.Infrastructure\Formulario_Efecty.Infrastructure.csproj", "{886CC33A-0B8D-47B2-B2AA-6ACA10AF0B8F}"
EndProject
Project("{FAE04EC0-301F-11D3-BF4B-00C04F79EFBC}") = "Formulario_Efecty.Shared", "Formulario_Efecty.Shared\Formulario_Efecty.Shared.csproj", "{2D201A9A-AC3E-4C20-9DB5-D73ECDAAA491}"
EndProject
Global
	GlobalSection(SolutionConfigurationPlatforms) = preSolution
		Debug|Any CPU = Debug|Any CPU
		Release|Any CPU = Release|Any CPU
	EndGlobalSection
	GlobalSection(ProjectConfigurationPlatforms) = postSolution
		{C38AA73E-5D5D-43D1-982D-90DF614023A2}.Debug|Any CPU.ActiveCfg = Debug|Any CPU
		{C38AA73E-5D5D-43D1-982D-90DF614023A2}.Debug|Any CPU.Build.0 = Debug|Any CPU
		{C38AA73E-5D5D-43D1-982D-90DF614023A2}.Release|Any CPU.ActiveCfg = Release|Any CPU
		{C38AA73E-5D5D-43D1-982D-90DF614023A2}.Release|Any CPU.Build.0 = Release|Any CPU
		{FDAD9AC6-EDDA-499A-B424-BF4A4E2AD107}.Debug|Any CPU.ActiveCfg = Debug|Any CPU
		{FDAD9AC6-EDDA-499A-B424-BF4A4E2AD107}.Debug|Any CPU.Build.0 = Debug|Any CPU
		{FDAD9AC6-EDDA-499A-B424-BF4A4E2AD107}.Release|Any CPU.ActiveCfg = Release|Any CPU
		{FDAD9AC6-EDDA-499A-B424-BF4A4E2AD107}.Release|Any CPU.Build.0 = Release|Any CPU
		{886CC33A-0B8D-47B2-B2AA-6ACA10AF0B8F}.Debug|Any CPU.ActiveCfg = Debug|Any CPU
		{886CC33A-0B8D-47B2-B2AA-6ACA10AF0B8F}.Debug|Any CPU.Build.0 = Debug|Any CPU
		{886CC33A-0B8D-47B2-B2AA-6ACA10AF0B8F}.Release|Any CPU.ActiveCfg = Release|Any CPU
		{886CC33A-0B8D-47B2-B2AA-6ACA10AF0B8F}.Release|Any CPU.Build.0 = Release|Any CPU
		{2D201A9A-AC3E-4C20-9DB5-D73ECDAAA491}.Debug|Any CPU.ActiveCfg = Debug|Any CPU
		{2D201A9A-AC3E-4C20-9DB5-D73ECDAAA491}.Debug|Any CPU.Build.0 = Debug|Any CPU
		{2D201A9A-AC3E-4C20-9DB5-D73ECDAAA491}.Release|Any CPU.ActiveCfg = Release|Any CPU
		{2D201A9A-AC3E-4C20-9DB5-D73ECDAAA491}.Release|Any CPU.Build.0 = Release|Any CPU
	EndGlobalSection
	GlobalSection(SolutionProperties) = preSolution
		HideSolutionNode = FALSE
	EndGlobalSection
	GlobalSection(NestedProjects) = preSolution
		{FDAD9AC6-EDDA-499A-B424-BF4A4E2AD107} = {02EA681E-C7D8-13C7-8484-4AC65E1B71E8}
		{886CC33A-0B8D-47B2-B2AA-6ACA10AF0B8F} = {02EA681E-C7D8-13C7-8484-4AC65E1B71E8}
		{2D201A9A-AC3E-4C20-9DB5-D73ECDAAA491} = {02EA681E-C7D8-13C7-8484-4AC65E1B71E8}
	EndGlobalSection
	GlobalSection(ExtensibilityGlobals) = postSolution
		SolutionGuid = {13173699-42EA-4905-994D-1BC5D05F5825}
	EndGlobalSection
EndGlobal
